
Microsoft Visual Studio Solution File, Format Version 12.00
# Visual Studio 15
VisualStudioVersion = 15.0.27130.2003
MinimumVisualStudioVersion = 10.0.40219.1
Project("{888888A0-9F3D-457C-B088-3A5042F75D52}") = "GAN", "GAN\GAN.pyproj", "{F8E7FDDB-9C64-4F94-90CB-DAE53C57C799}"
EndProject
Global
	GlobalSection(SolutionConfigurationPlatforms) = preSolution
		Debug|Any CPU = Debug|Any CPU
		Release|Any CPU = Release|Any CPU
	EndGlobalSection
	GlobalSection(ProjectConfigurationPlatforms) = postSolution
		{F8E7FDDB-9C64-4F94-90CB-DAE53C57C799}.Debug|Any CPU.ActiveCfg = Debug|Any CPU
		{F8E7FDDB-9C64-4F94-90CB-DAE53C57C799}.Release|Any CPU.ActiveCfg = Release|Any CPU
	EndGlobalSection
	GlobalSection(SolutionProperties) = preSolution
		HideSolutionNode = FALSE
	EndGlobalSection
	GlobalSection(ExtensibilityGlobals) = postSolution
		SolutionGuid = {7F91C832-2FA4-4953-932C-B2C7941DCF56}
	EndGlobalSection
EndGlobal
